
Microsoft Visual Studio Solution File, Format Version 12.00
# Visual Studio 2015
Project("{FAE04EC0-301F-11D3-BF4B-00C04F79EFBC}") = "Unity_Simulator.CSharp", "Unity_Simulator.CSharp.csproj", "{7DC0F9B5-0306-F358-9A52-C45343A3E1EA}"
EndProject
Global
	GlobalSection(SolutionConfigurationPlatforms) = preSolution
		Debug|Any CPU = Debug|Any CPU
		Release|Any CPU = Release|Any CPU
	EndGlobalSection
	GlobalSection(ProjectConfigurationPlatforms) = postSolution
		{7DC0F9B5-0306-F358-9A52-C45343A3E1EA}.Debug|Any CPU.ActiveCfg = Debug|Any CPU
		{7DC0F9B5-0306-F358-9A52-C45343A3E1EA}.Debug|Any CPU.Build.0 = Debug|Any CPU
		{7DC0F9B5-0306-F358-9A52-C45343A3E1EA}.Release|Any CPU.ActiveCfg = Release|Any CPU
		{7DC0F9B5-0306-F358-9A52-C45343A3E1EA}.Release|Any CPU.Build.0 = Release|Any CPU
	EndGlobalSection
	GlobalSection(SolutionProperties) = preSolution
		HideSolutionNode = FALSE
	EndGlobalSection
EndGlobal
